# THIS IS AN AUTOGENERATED FILE. DO NOT EDIT THIS FILE DIRECTLY.
# yarn lockfile v1


"@babel/runtime@^7.18.9", "@babel/runtime@^7.19.0":
  version "7.19.0"
  resolved "https://registry.yarnpkg.com/@babel/runtime/-/runtime-7.19.0.tgz#22b11c037b094d27a8a2504ea4dcff00f50e2259"
  integrity sha512-eR8Lo9hnDS7tqkO7NsV+mKvCmv5boaXFSZ70DnfhcgiEne8hv9oCEd36Klw74EtizEqLsy4YnW8UWwpBVolHZA==
  dependencies:
    regenerator-runtime "^0.13.4"

"@noble/hashes@1.1.3":
  version "1.1.3"
  resolved "https://registry.yarnpkg.com/@noble/hashes/-/hashes-1.1.3.tgz#360afc77610e0a61f3417e497dcf36862e4f8111"
  integrity sha512-CE0FCR57H2acVI5UOzIGSSIYxZ6v/HOhDR0Ro9VLyhnzLwx0o8W1mmgaqlEUx4049qJDlIBRztv5k+MM8vbO3A==

"@noble/secp256k1@1.7.0":
  version "1.7.0"
  resolved "https://registry.yarnpkg.com/@noble/secp256k1/-/secp256k1-1.7.0.tgz#d15357f7c227e751d90aa06b05a0e5cf993ba8c1"
  integrity sha512-kbacwGSsH/CTout0ZnZWxnW1B+jH/7r/WAAKLBtrRJ/+CUH7lgmQzl3GTrQua3SGKWNSDsS6lmjnDpIJ5Dxyaw==

"@polkadot/api-augment@9.5.1":
  version "9.5.1"
  resolved "https://registry.yarnpkg.com/@polkadot/api-augment/-/api-augment-9.5.1.tgz#f4ae75837782dd09c2f7468f78c17626c359797d"
  integrity sha512-9NQ2miIKVJvyhR2Zhk0XcHA+pgnWhQ0815lqcq0kz9ny5JHUFeGlNtxECw7AEnxoiC81EqpfWkOHpJpfiIcOmw==
  dependencies:
    "@babel/runtime" "^7.19.0"
    "@polkadot/api-base" "9.5.1"
    "@polkadot/rpc-augment" "9.5.1"
    "@polkadot/types" "9.5.1"
    "@polkadot/types-augment" "9.5.1"
    "@polkadot/types-codec" "9.5.1"
    "@polkadot/util" "^10.1.10"

"@polkadot/api-base@9.5.1":
  version "9.5.1"
  resolved "https://registry.yarnpkg.com/@polkadot/api-base/-/api-base-9.5.1.tgz#f6084ebd21c4c43e3c11a7d638621d27162c5fcc"
  integrity sha512-3qsMsIhYbU3zp+YnP5h6Hg98y3B+FrxgPW7r2Uk6Kp1uSPmIzhMCyGuxur/BAcDVbd3KME+zWLHJDYOdyhuUwQ==
  dependencies:
    "@babel/runtime" "^7.19.0"
    "@polkadot/rpc-core" "9.5.1"
    "@polkadot/types" "9.5.1"
    "@polkadot/util" "^10.1.10"
    rxjs "^7.5.7"

"@polkadot/api-derive@9.5.1":
  version "9.5.1"
  resolved "https://registry.yarnpkg.com/@polkadot/api-derive/-/api-derive-9.5.1.tgz#8542b989c34249df5ec3b836ec10b910897620df"
  integrity sha512-fKlKQe8WZ3jrm44w/zptMofljW5qj+jZxnryK08CAH/MINlZArPfCtn+EJla2ND9aTnRMUWlEBtytyCPImI/Hg==
  dependencies:
    "@babel/runtime" "^7.19.0"
    "@polkadot/api" "9.5.1"
    "@polkadot/api-augment" "9.5.1"
    "@polkadot/api-base" "9.5.1"
    "@polkadot/rpc-core" "9.5.1"
    "@polkadot/types" "9.5.1"
    "@polkadot/types-codec" "9.5.1"
    "@polkadot/util" "^10.1.10"
    "@polkadot/util-crypto" "^10.1.10"
    rxjs "^7.5.7"

"@polkadot/api@9.5.1", "@polkadot/api@^9.5.1":
  version "9.5.1"
  resolved "https://registry.yarnpkg.com/@polkadot/api/-/api-9.5.1.tgz#3501dac23bf82986dfe0a8c22857eb86610eca61"
  integrity sha512-A2i/+mCl6cbFJ84ExMcWosUDfq0gVvzyKftkbRMs0oDzvHVVucTm0nCCzBgi/ltvSsFq8oJQ4pVqNTfT/IXgeQ==
  dependencies:
    "@babel/runtime" "^7.19.0"
    "@polkadot/api-augment" "9.5.1"
    "@polkadot/api-base" "9.5.1"
    "@polkadot/api-derive" "9.5.1"
    "@polkadot/keyring" "^10.1.10"
    "@polkadot/rpc-augment" "9.5.1"
    "@polkadot/rpc-core" "9.5.1"
    "@polkadot/rpc-provider" "9.5.1"
    "@polkadot/types" "9.5.1"
    "@polkadot/types-augment" "9.5.1"
    "@polkadot/types-codec" "9.5.1"
    "@polkadot/types-create" "9.5.1"
    "@polkadot/types-known" "9.5.1"
    "@polkadot/util" "^10.1.10"
    "@polkadot/util-crypto" "^10.1.10"
    eventemitter3 "^4.0.7"
    rxjs "^7.5.7"

"@polkadot/keyring@^10.1.10":
  version "10.1.10"
  resolved "https://registry.yarnpkg.com/@polkadot/keyring/-/keyring-10.1.10.tgz#f9d97ab528e612df4820e0df1837faae51c15904"
  integrity sha512-crKYBbwmPcFoTP6mby2+o1QWsjAyi5QlKzU8tXuXOApP6SBuqmDujIuLOKNG2vZoftNdVldsVL0WmKVYtBeuQg==
  dependencies:
    "@babel/runtime" "^7.19.0"
    "@polkadot/util" "10.1.10"
    "@polkadot/util-crypto" "10.1.10"

"@polkadot/networks@10.1.10", "@polkadot/networks@^10.1.10":
  version "10.1.10"
  resolved "https://registry.yarnpkg.com/@polkadot/networks/-/networks-10.1.10.tgz#421ce200f8b26759edd1d9d9408d934527f5b455"
  integrity sha512-Db78t2XnFIZbdSdu1aFuj3/1cNwcSzG/+wNrpCQ9dPhnGPy5S1GVbmU8pyxTftPKdTFc+8RdBr+5bc0d5ijGiA==
  dependencies:
    "@babel/runtime" "^7.19.0"
    "@polkadot/util" "10.1.10"
    "@substrate/ss58-registry" "^1.31.0"

"@polkadot/rpc-augment@9.5.1":
  version "9.5.1"
  resolved "https://registry.yarnpkg.com/@polkadot/rpc-augment/-/rpc-augment-9.5.1.tgz#a4d8d7c6132375c9f4d50c7cb4c6813ff700937f"
  integrity sha512-7Qm6oIoVIqv6VOaIqDal45hUTb3TVZ58S3zkSr60p/dPMlGCaFMcojtfcQErHtCW0hgvzFNsDl9ShpXRcPWu7g==
  dependencies:
    "@babel/runtime" "^7.19.0"
    "@polkadot/rpc-core" "9.5.1"
    "@polkadot/types" "9.5.1"
    "@polkadot/types-codec" "9.5.1"
    "@polkadot/util" "^10.1.10"

"@polkadot/rpc-core@9.5.1":
  version "9.5.1"
  resolved "https://registry.yarnpkg.com/@polkadot/rpc-core/-/rpc-core-9.5.1.tgz#7c327d735b742aaaee856bce6288331d0b2b042f"
  integrity sha512-8CXgBVTEUjeuN5VOwS6MjTeqpN+9qrNJAAwNEba36/72g6Wgg3flza11kx0luQ6OLPVgCM7OcAjZ17p16phXDA==
  dependencies:
    "@babel/runtime" "^7.19.0"
    "@polkadot/rpc-augment" "9.5.1"
    "@polkadot/rpc-provider" "9.5.1"
    "@polkadot/types" "9.5.1"
    "@polkadot/util" "^10.1.10"
    rxjs "^7.5.7"

"@polkadot/rpc-provider@9.5.1":
  version "9.5.1"
  resolved "https://registry.yarnpkg.com/@polkadot/rpc-provider/-/rpc-provider-9.5.1.tgz#1857b655a461820025b85cf3a7e7a58066ede137"
  integrity sha512-CxyEo1SzwbcByUsrW5RUm5GTLNK7yjmVlTMseex8zQLO4+4erqUoQzr6TTIPSt4LWyk+TjbZdtGtlt7p6i2nJg==
  dependencies:
    "@babel/runtime" "^7.19.0"
    "@polkadot/keyring" "^10.1.10"
    "@polkadot/types" "9.5.1"
    "@polkadot/types-support" "9.5.1"
    "@polkadot/util" "^10.1.10"
    "@polkadot/util-crypto" "^10.1.10"
    "@polkadot/x-fetch" "^10.1.10"
    "@polkadot/x-global" "^10.1.10"
    "@polkadot/x-ws" "^10.1.10"
    "@substrate/connect" "0.7.14"
    eventemitter3 "^4.0.7"
    mock-socket "^9.1.5"
    nock "^13.2.9"

"@polkadot/types-augment@9.5.1":
  version "9.5.1"
  resolved "https://registry.yarnpkg.com/@polkadot/types-augment/-/types-augment-9.5.1.tgz#907d05da7cf0891cdf6d59e2387a3394a978a5c9"
  integrity sha512-1AzQpGe5bGttYbbjR1UhV19htsFjgqJ651eyT3YdRqo1hotZ2GwTCkGXuTJtcmQQH9G09xUUwS3nx8WsSyQ70A==
  dependencies:
    "@babel/runtime" "^7.19.0"
    "@polkadot/types" "9.5.1"
    "@polkadot/types-codec" "9.5.1"
    "@polkadot/util" "^10.1.10"

"@polkadot/types-codec@9.5.1":
  version "9.5.1"
  resolved "https://registry.yarnpkg.com/@polkadot/types-codec/-/types-codec-9.5.1.tgz#d0c04a9f7dd8337dce4fe806e634c4ef99f954cc"
  integrity sha512-7Dy8TeApu4lN8DqdMZLuh34ocdHQh9jzAob6cQl1fl1ypOiCO/SwPjFkj0Xnhh7QQz9X9w63jZzbaFR3PPT+0g==
  dependencies:
    "@babel/runtime" "^7.19.0"
    "@polkadot/util" "^10.1.10"
    "@polkadot/x-bigint" "^10.1.10"

"@polkadot/types-create@9.5.1":
  version "9.5.1"
  resolved "https://registry.yarnpkg.com/@polkadot/types-create/-/types-create-9.5.1.tgz#06f71f08b3c68fb3bbdabe838325c955384d59bd"
  integrity sha512-pUQ1U0mho5aKRdi4iR9DP9ldIoj9U+ApHIeYyxkBY8RexMQOpkt8PZfpFhg4z2H5vZj/sgNIBXq65HjXuyu+9w==
  dependencies:
    "@babel/runtime" "^7.19.0"
    "@polkadot/types-codec" "9.5.1"
    "@polkadot/util" "^10.1.10"

"@polkadot/types-known@9.5.1":
  version "9.5.1"
  resolved "https://registry.yarnpkg.com/@polkadot/types-known/-/types-known-9.5.1.tgz#0eb596078733a96f2cff3d5b4258966f4a6e4a5a"
  integrity sha512-SedfPDxJREYPATa7X2Fv26z6UVPYv6v9Z9P4nulnC6Yl8C2+Q4A/VIqTtgsJc0DU1YT3gM8ofVxircfHqqRVNA==
  dependencies:
    "@babel/runtime" "^7.19.0"
    "@polkadot/networks" "^10.1.10"
    "@polkadot/types" "9.5.1"
    "@polkadot/types-codec" "9.5.1"
    "@polkadot/types-create" "9.5.1"
    "@polkadot/util" "^10.1.10"

"@polkadot/types-support@9.5.1":
  version "9.5.1"
  resolved "https://registry.yarnpkg.com/@polkadot/types-support/-/types-support-9.5.1.tgz#5383cd84375aedd67bf0ccd2fa230d811f4b9dc9"
  integrity sha512-mjenEGNT/ReY1xFexb37NDgV7QHHBBfWt31ZQMZKDkQL+R2P0rXFpmitcE3eOCV3oY4mf+GaU2N/ZfnsFl3tPQ==
  dependencies:
    "@babel/runtime" "^7.19.0"
    "@polkadot/util" "^10.1.10"

"@polkadot/types@9.5.1":
  version "9.5.1"
  resolved "https://registry.yarnpkg.com/@polkadot/types/-/types-9.5.1.tgz#5f3891ce45d8d78aa0b5bc65d7517d98342699b0"
  integrity sha512-xuhYq+O4JRl2iqLVEwKVHnfOA9AfwoNlHzrFx2DChDcIWdmgmUDASq9TkZhBP+jx81SieMH7iTf4zY6UwPKYQw==
  dependencies:
    "@babel/runtime" "^7.19.0"
    "@polkadot/keyring" "^10.1.10"
    "@polkadot/types-augment" "9.5.1"
    "@polkadot/types-codec" "9.5.1"
    "@polkadot/types-create" "9.5.1"
    "@polkadot/util" "^10.1.10"
    "@polkadot/util-crypto" "^10.1.10"
    rxjs "^7.5.7"

"@polkadot/util-crypto@10.1.10", "@polkadot/util-crypto@^10.1.10":
  version "10.1.10"
  resolved "https://registry.yarnpkg.com/@polkadot/util-crypto/-/util-crypto-10.1.10.tgz#ae00c794dda6a2f5e40cdaaa87987312461dc59f"
  integrity sha512-w9h/wf4wZXeUkRnihhnfqlaKuoQtrjkjK3C5liCQkr9vx5zOsmg/nMSDP8UUFJX0msPPYpFeNvzn7oDIs6qSZA==
  dependencies:
    "@babel/runtime" "^7.19.0"
    "@noble/hashes" "1.1.3"
    "@noble/secp256k1" "1.7.0"
    "@polkadot/networks" "10.1.10"
    "@polkadot/util" "10.1.10"
    "@polkadot/wasm-crypto" "^6.3.1"
    "@polkadot/x-bigint" "10.1.10"
    "@polkadot/x-randomvalues" "10.1.10"
    "@scure/base" "1.1.1"
    ed2curve "^0.3.0"
    tweetnacl "^1.0.3"

"@polkadot/util@10.1.10", "@polkadot/util@^10.1.10":
  version "10.1.10"
  resolved "https://registry.yarnpkg.com/@polkadot/util/-/util-10.1.10.tgz#dc79c93d70e699e8cc1b09e636af7e4a64c5f0f0"
  integrity sha512-BQoTfSxZ3BWAgWDjgKBVdyw1AJGaoOeAidCA+LZcHV6wlMu5643AZPUnoMrW413MbbpxsIhJXtNttqOwjo8MjA==
  dependencies:
    "@babel/runtime" "^7.19.0"
    "@polkadot/x-bigint" "10.1.10"
    "@polkadot/x-global" "10.1.10"
    "@polkadot/x-textdecoder" "10.1.10"
    "@polkadot/x-textencoder" "10.1.10"
    "@types/bn.js" "^5.1.1"
    bn.js "^5.2.1"

"@polkadot/wasm-bridge@6.3.1":
  version "6.3.1"
  resolved "https://registry.yarnpkg.com/@polkadot/wasm-bridge/-/wasm-bridge-6.3.1.tgz#439fa78e80947a7cb695443e1f64b25c30bb1487"
  integrity sha512-1TYkHsb9AEFhU9uZj3biEnN2yKQNzdrwSjiTvfCYnt97pnEkKsZI6cku+YPZQv5w/x9CQa5Yua9e2DVVZSivGA==
  dependencies:
    "@babel/runtime" "^7.18.9"

"@polkadot/wasm-crypto-asmjs@6.3.1":
  version "6.3.1"
  resolved "https://registry.yarnpkg.com/@polkadot/wasm-crypto-asmjs/-/wasm-crypto-asmjs-6.3.1.tgz#e8f469c9cf4a7709c8131a96f857291953f3e30a"
  integrity sha512-zbombRfA5v/mUWQQhgg2YwaxhRmxRIrvskw65x+lruax3b6xPBFDs7yplopiJU3r8h2pTgQvX/DUksvqz2TCRQ==
  dependencies:
    "@babel/runtime" "^7.18.9"

"@polkadot/wasm-crypto-init@6.3.1":
  version "6.3.1"
  resolved "https://registry.yarnpkg.com/@polkadot/wasm-crypto-init/-/wasm-crypto-init-6.3.1.tgz#b590220c53c94b9a54d5dc236d0cbe943db76706"
  integrity sha512-9yaUBcu+snwjJLmPPGl3cyGRQ1afyFGm16qzTM0sgG/ZCfUlK4uk8KWZe+sBUKgoxb2oXY7Y4WklKgQI1YBdfw==
  dependencies:
    "@babel/runtime" "^7.18.9"
    "@polkadot/wasm-bridge" "6.3.1"
    "@polkadot/wasm-crypto-asmjs" "6.3.1"
    "@polkadot/wasm-crypto-wasm" "6.3.1"

"@polkadot/wasm-crypto-wasm@6.3.1":
  version "6.3.1"
  resolved "https://registry.yarnpkg.com/@polkadot/wasm-crypto-wasm/-/wasm-crypto-wasm-6.3.1.tgz#67f720e7f9694fef096abe9d60abbac02e032383"
  integrity sha512-idSlzKGVzCfeCMRHsacRvqwojSaTadFxL/Dbls4z1thvfa3U9Ku0d2qVtlwg7Hj+tYWDiuP8Kygs+6bQwfs0XA==
  dependencies:
    "@babel/runtime" "^7.18.9"
    "@polkadot/wasm-util" "6.3.1"

"@polkadot/wasm-crypto@^6.3.1":
  version "6.3.1"
  resolved "https://registry.yarnpkg.com/@polkadot/wasm-crypto/-/wasm-crypto-6.3.1.tgz#63f5798aca2b2ff0696f190e6862d9781d8f280c"
  integrity sha512-OO8h0qeVkqp4xYZaRVl4iuWOEtq282pNBHDKb6SOJuI2g59eWGcKh4EQU9Me2VP6qzojIqptrkrVt7KQXC68gA==
  dependencies:
    "@babel/runtime" "^7.18.9"
    "@polkadot/wasm-bridge" "6.3.1"
    "@polkadot/wasm-crypto-asmjs" "6.3.1"
    "@polkadot/wasm-crypto-init" "6.3.1"
    "@polkadot/wasm-crypto-wasm" "6.3.1"
    "@polkadot/wasm-util" "6.3.1"

"@polkadot/wasm-util@6.3.1":
  version "6.3.1"
  resolved "https://registry.yarnpkg.com/@polkadot/wasm-util/-/wasm-util-6.3.1.tgz#439ebb68a436317af388ed6438b8f879df3afcda"
  integrity sha512-12oAv5J7Yoc9m6jixrSaQCxpOkWOyzHx3DMC8qmLjRiwdBWxqLmImOVRVnFsbaxqSbhBIHRuJphVxWE+GZETDg==
  dependencies:
    "@babel/runtime" "^7.18.9"

"@polkadot/x-bigint@10.1.10", "@polkadot/x-bigint@^10.1.10":
  version "10.1.10"
  resolved "https://registry.yarnpkg.com/@polkadot/x-bigint/-/x-bigint-10.1.10.tgz#97dcccda2e24776aad3ae49f3268c03332138246"
  integrity sha512-4Jt0BO0WTby6r9A2DgkDxf/LFaICQHvSl1VSFtBf0Z0GV2n4OxkBX5x/1bdEdGEvYT5rM7RbR3xI7EL+W1ixHA==
  dependencies:
    "@babel/runtime" "^7.19.0"
    "@polkadot/x-global" "10.1.10"

"@polkadot/x-fetch@^10.1.10":
  version "10.1.10"
  resolved "https://registry.yarnpkg.com/@polkadot/x-fetch/-/x-fetch-10.1.10.tgz#6551e44211cf21a1ca076eedc4676754345e1504"
  integrity sha512-LvTxAN6GaJzfgZ74WFYPZrIkMEThpX5u7O4ILiExcJt87E19cSWlYSHDa5n+OLjUpq0lBV2ueF90iUblt6aHpg==
  dependencies:
    "@babel/runtime" "^7.19.0"
    "@polkadot/x-global" "10.1.10"
    "@types/node-fetch" "^2.6.2"
    node-fetch "^3.2.10"

"@polkadot/x-global@10.1.10", "@polkadot/x-global@^10.1.10":
  version "10.1.10"
  resolved "https://registry.yarnpkg.com/@polkadot/x-global/-/x-global-10.1.10.tgz#eedf63f1f3918c7f2bd8ef0907e051783f1a626e"
  integrity sha512-WFfgaZSrzPlKLdnOus2mIFGzUbSDIQK6RMCfFfM9SmF3DkoxN40z5Nkni4PztfKr22stlkhmhnX/Lp/NxpuT6Q==
  dependencies:
    "@babel/runtime" "^7.19.0"

"@polkadot/x-randomvalues@10.1.10":
  version "10.1.10"
  resolved "https://registry.yarnpkg.com/@polkadot/x-randomvalues/-/x-randomvalues-10.1.10.tgz#a10f98f2c4d744612b68ee697e43f1e4d6e1f89a"
  integrity sha512-KM4sCI/DNLIXlmnkeJIuYvh3pPuWvnkbR1a6TUB12J1izUJ+uGV+cAFRR4/EZk3oEsG/Tgivbs56meEOo3ws5A==
  dependencies:
    "@babel/runtime" "^7.19.0"
    "@polkadot/x-global" "10.1.10"

"@polkadot/x-textdecoder@10.1.10":
  version "10.1.10"
  resolved "https://registry.yarnpkg.com/@polkadot/x-textdecoder/-/x-textdecoder-10.1.10.tgz#a6d0010b092bdefc69c70dcb34d76ec8993980b2"
  integrity sha512-cAk37faYXx8IICeaq/tdl+aiIXwo3SLrx9XNoQqhX02g+SEs3ARM7zJcohj/p8ynWAI+ezNcsKn1wh174nquHw==
  dependencies:
    "@babel/runtime" "^7.19.0"
    "@polkadot/x-global" "10.1.10"

"@polkadot/x-textencoder@10.1.10":
  version "10.1.10"
  resolved "https://registry.yarnpkg.com/@polkadot/x-textencoder/-/x-textencoder-10.1.10.tgz#35b2e778b3dbb6816bb37f1848b772c4cd3c43d1"
  integrity sha512-Auaql6BL5UHtWakZUQyj4y/BrM0tm4bYG5vXCMQCA1Gg0ky+46DhgpRrAQ9F7NNgWg1A6dA2I9KuAA4BTbNx0w==
  dependencies:
    "@babel/runtime" "^7.19.0"
    "@polkadot/x-global" "10.1.10"

"@polkadot/x-ws@^10.1.10":
  version "10.1.10"
  resolved "https://registry.yarnpkg.com/@polkadot/x-ws/-/x-ws-10.1.10.tgz#27b55a988a0f60db7f79fed8268802406f522813"
  integrity sha512-JxDgfm0ox2XPAtdTeJXYl6qq7LY/KOPi69wRpFMczWaYUsZubO6EiRzgzjuFlHY4/oxfjS/D+YbzcjefTxHz6g==
  dependencies:
    "@babel/runtime" "^7.19.0"
    "@polkadot/x-global" "10.1.10"
    "@types/websocket" "^1.0.5"
    websocket "^1.0.34"

"@scure/base@1.1.1":
  version "1.1.1"
  resolved "https://registry.yarnpkg.com/@scure/base/-/base-1.1.1.tgz#ebb651ee52ff84f420097055f4bf46cfba403938"
  integrity sha512-ZxOhsSyxYwLJj3pLZCefNitxsj093tb2vq90mp2txoYeBqbcjDjqFhyM8eUjq/uFm6zJ+mUuqxlS2FkuSY1MTA==

"@substrate/connect-extension-protocol@^1.0.1":
  version "1.0.1"
  resolved "https://registry.yarnpkg.com/@substrate/connect-extension-protocol/-/connect-extension-protocol-1.0.1.tgz#fa5738039586c648013caa6a0c95c43265dbe77d"
  integrity sha512-161JhCC1csjH3GE5mPLEd7HbWtwNSPJBg3p1Ksz9SFlTzj/bgEwudiRN2y5i0MoLGCIJRYKyKGMxVnd29PzNjg==

"@substrate/connect@0.7.14":
  version "0.7.14"
  resolved "https://registry.yarnpkg.com/@substrate/connect/-/connect-0.7.14.tgz#c090e952e9cdd93185a94d24fbc424ea20fe7bbe"
  integrity sha512-uW5uBmihpivshmmmw+rsg7qOV0KqVSep4rWOXFMP8aFQinvmqw4JqxP21og4H/7JZxttYUBFQVsdtXHGKJ0aVQ==
  dependencies:
    "@substrate/connect-extension-protocol" "^1.0.1"
    "@substrate/smoldot-light" "0.6.34"
    eventemitter3 "^4.0.7"

"@substrate/smoldot-light@0.6.34":
  version "0.6.34"
  resolved "https://registry.yarnpkg.com/@substrate/smoldot-light/-/smoldot-light-0.6.34.tgz#273dba622102281fd0fdb0e375198bff2ec584c3"
  integrity sha512-+HK9MaJ0HelJmpf4YYR+salJ7dhVBltmhGlyz5l8OXS9DW18fe0Z2wxEo8P5kX9CUxlCXEb8J9JBRQAYBPHbwQ==
  dependencies:
    pako "^2.0.4"
    ws "^8.8.1"

"@substrate/ss58-registry@^1.31.0":
  version "1.31.0"
  resolved "https://registry.yarnpkg.com/@substrate/ss58-registry/-/ss58-registry-1.31.0.tgz#489e3a496081dc3ee7ef5ef2eb513962d5d29351"
  integrity sha512-OSOmdjaq9foXfHBy9aLVMwGheygvsiZlv4dggnLOYOuhSmNCsSB/PaW4DBz+/tSdK1Fo9+ZiFW6cF24RA+m0sw==

"@types/bn.js@^5.1.1":
  version "5.1.1"
  resolved "https://registry.yarnpkg.com/@types/bn.js/-/bn.js-5.1.1.tgz#b51e1b55920a4ca26e9285ff79936bbdec910682"
  integrity sha512-qNrYbZqMx0uJAfKnKclPh+dTwK33KfLHYqtyODwd5HnXOjnkhc4qgn3BrK6RWyGZm5+sIFE7Q7Vz6QQtJB7w7g==
  dependencies:
    "@types/node" "*"

"@types/node-fetch@^2.6.2":
  version "2.6.2"
  resolved "https://registry.yarnpkg.com/@types/node-fetch/-/node-fetch-2.6.2.tgz#d1a9c5fd049d9415dce61571557104dec3ec81da"
  integrity sha512-DHqhlq5jeESLy19TYhLakJ07kNumXWjcDdxXsLUMJZ6ue8VZJj4kLPQVE/2mdHh3xZziNF1xppu5lwmS53HR+A==
  dependencies:
    "@types/node" "*"
    form-data "^3.0.0"

"@types/node@*":
  version "17.0.23"
  resolved "https://registry.yarnpkg.com/@types/node/-/node-17.0.23.tgz#3b41a6e643589ac6442bdbd7a4a3ded62f33f7da"
  integrity sha512-UxDxWn7dl97rKVeVS61vErvw086aCYhDLyvRQZ5Rk65rZKepaFdm53GeqXaKBuOhED4e9uWq34IC3TdSdJJ2Gw==

"@types/websocket@^1.0.5":
  version "1.0.5"
  resolved "https://registry.yarnpkg.com/@types/websocket/-/websocket-1.0.5.tgz#3fb80ed8e07f88e51961211cd3682a3a4a81569c"
  integrity sha512-NbsqiNX9CnEfC1Z0Vf4mE1SgAJ07JnRYcNex7AJ9zAVzmiGHmjKFEk7O4TJIsgv2B1sLEb6owKFZrACwdYngsQ==
  dependencies:
    "@types/node" "*"

asynckit@^0.4.0:
  version "0.4.0"
  resolved "https://registry.yarnpkg.com/asynckit/-/asynckit-0.4.0.tgz#c79ed97f7f34cb8f2ba1bc9790bcc366474b4b79"
  integrity sha1-x57Zf380y48robyXkLzDZkdLS3k=

bn.js@^5.2.1:
  version "5.2.1"
  resolved "https://registry.yarnpkg.com/bn.js/-/bn.js-5.2.1.tgz#0bc527a6a0d18d0aa8d5b0538ce4a77dccfa7b70"
  integrity sha512-eXRvHzWyYPBuB4NBy0cmYQjGitUrtqwbvlzP3G6VFnNRbsZQIxQ10PbKKHt8gZ/HW/D/747aDl+QkDqg3KQLMQ==

bufferutil@^4.0.1:
  version "4.0.6"
  resolved "https://registry.yarnpkg.com/bufferutil/-/bufferutil-4.0.6.tgz#ebd6c67c7922a0e902f053e5d8be5ec850e48433"
  integrity sha512-jduaYOYtnio4aIAyc6UbvPCVcgq7nYpVnucyxr6eCYg/Woad9Hf/oxxBRDnGGjPfjUm6j5O/uBWhIu4iLebFaw==
  dependencies:
    node-gyp-build "^4.3.0"

combined-stream@^1.0.8:
  version "1.0.8"
  resolved "https://registry.yarnpkg.com/combined-stream/-/combined-stream-1.0.8.tgz#c3d45a8b34fd730631a110a8a2520682b31d5a7f"
  integrity sha512-FQN4MRfuJeHf7cBbBMJFXhKSDq+2kAArBlmRBvcvFE5BB1HZKXtSFASDhdlz9zOYwxh8lDdnvmMOe/+5cdoEdg==
  dependencies:
    delayed-stream "~1.0.0"

d@1, d@^1.0.1:
  version "1.0.1"
  resolved "https://registry.yarnpkg.com/d/-/d-1.0.1.tgz#8698095372d58dbee346ffd0c7093f99f8f9eb5a"
  integrity sha512-m62ShEObQ39CfralilEQRjH6oAMtNCV1xJyEx5LpRYUVN+EviphDgUc/F3hnYbADmkiNs67Y+3ylmlG7Lnu+FA==
  dependencies:
    es5-ext "^0.10.50"
    type "^1.0.1"

data-uri-to-buffer@^4.0.0:
  version "4.0.0"
  resolved "https://registry.yarnpkg.com/data-uri-to-buffer/-/data-uri-to-buffer-4.0.0.tgz#b5db46aea50f6176428ac05b73be39a57701a64b"
  integrity sha512-Vr3mLBA8qWmcuschSLAOogKgQ/Jwxulv3RNE4FXnYWRGujzrRWQI4m12fQqRkwX06C0KanhLr4hK+GydchZsaA==

debug@^2.2.0:
  version "2.6.9"
  resolved "https://registry.yarnpkg.com/debug/-/debug-2.6.9.tgz#5d128515df134ff327e90a4c93f4e077a536341f"
  integrity sha512-bC7ElrdJaJnPbAP+1EotYvqZsb3ecl5wi6Bfi6BJTUcNowp6cvspg0jXznRTKDjm/E7AdgFBVeAPVMNcKGsHMA==
  dependencies:
    ms "2.0.0"

debug@^4.1.0:
  version "4.3.4"
  resolved "https://registry.yarnpkg.com/debug/-/debug-4.3.4.tgz#1319f6579357f2338d3337d2cdd4914bb5dcc865"
  integrity sha512-PRWFHuSU3eDtQJPvnNY7Jcket1j0t5OuOsFzPPzsekD52Zl8qUfFIPEiswXqIvHWGVHOgX+7G/vCNNhehwxfkQ==
  dependencies:
    ms "2.1.2"

delayed-stream@~1.0.0:
  version "1.0.0"
  resolved "https://registry.yarnpkg.com/delayed-stream/-/delayed-stream-1.0.0.tgz#df3ae199acadfb7d440aaae0b29e2272b24ec619"
  integrity sha1-3zrhmayt+31ECqrgsp4icrJOxhk=

ed2curve@^0.3.0:
  version "0.3.0"
  resolved "https://registry.yarnpkg.com/ed2curve/-/ed2curve-0.3.0.tgz#322b575152a45305429d546b071823a93129a05d"
  integrity sha512-8w2fmmq3hv9rCrcI7g9hms2pMunQr1JINfcjwR9tAyZqhtyaMN991lF/ZfHfr5tzZQ8c7y7aBgZbjfbd0fjFwQ==
  dependencies:
    tweetnacl "1.x.x"

es5-ext@^0.10.35, es5-ext@^0.10.50:
  version "0.10.59"
  resolved "https://registry.yarnpkg.com/es5-ext/-/es5-ext-0.10.59.tgz#71038939730eb6f4f165f1421308fb60be363bc6"
  integrity sha512-cOgyhW0tIJyQY1Kfw6Kr0viu9ZlUctVchRMZ7R0HiH3dxTSp5zJDLecwxUqPUrGKMsgBI1wd1FL+d9Jxfi4cLw==
  dependencies:
    es6-iterator "^2.0.3"
    es6-symbol "^3.1.3"
    next-tick "^1.1.0"

es6-iterator@^2.0.3:
  version "2.0.3"
  resolved "https://registry.yarnpkg.com/es6-iterator/-/es6-iterator-2.0.3.tgz#a7de889141a05a94b0854403b2d0a0fbfa98f3b7"
  integrity sha1-p96IkUGgWpSwhUQDstCg+/qY87c=
  dependencies:
    d "1"
    es5-ext "^0.10.35"
    es6-symbol "^3.1.1"

es6-symbol@^3.1.1, es6-symbol@^3.1.3:
  version "3.1.3"
  resolved "https://registry.yarnpkg.com/es6-symbol/-/es6-symbol-3.1.3.tgz#bad5d3c1bcdac28269f4cb331e431c78ac705d18"
  integrity sha512-NJ6Yn3FuDinBaBRWl/q5X/s4koRHBrgKAu+yGI6JCBeiu3qrcbJhwT2GeR/EXVfylRk8dpQVJoLEFhK+Mu31NA==
  dependencies:
    d "^1.0.1"
    ext "^1.1.2"

eventemitter3@^4.0.7:
  version "4.0.7"
  resolved "https://registry.yarnpkg.com/eventemitter3/-/eventemitter3-4.0.7.tgz#2de9b68f6528d5644ef5c59526a1b4a07306169f"
  integrity sha512-8guHBZCwKnFhYdHr2ysuRWErTwhoN2X8XELRlrRwpmfeY2jjuUN4taQMsULKUVo1K4DvZl+0pgfyoysHxvmvEw==

ext@^1.1.2:
  version "1.6.0"
  resolved "https://registry.yarnpkg.com/ext/-/ext-1.6.0.tgz#3871d50641e874cc172e2b53f919842d19db4c52"
  integrity sha512-sdBImtzkq2HpkdRLtlLWDa6w4DX22ijZLKx8BMPUuKe1c5lbN6xwQDQCxSfxBQnHZ13ls/FH0MQZx/q/gr6FQg==
  dependencies:
    type "^2.5.0"

fetch-blob@^3.1.2, fetch-blob@^3.1.4:
  version "3.2.0"
  resolved "https://registry.yarnpkg.com/fetch-blob/-/fetch-blob-3.2.0.tgz#f09b8d4bbd45adc6f0c20b7e787e793e309dcce9"
  integrity sha512-7yAQpD2UMJzLi1Dqv7qFYnPbaPx7ZfFK6PiIxQ4PfkGPyNyl2Ugx+a/umUonmKqjhM4DnfbMvdX6otXq83soQQ==
  dependencies:
    node-domexception "^1.0.0"
    web-streams-polyfill "^3.0.3"

form-data@^3.0.0:
  version "3.0.1"
  resolved "https://registry.yarnpkg.com/form-data/-/form-data-3.0.1.tgz#ebd53791b78356a99af9a300d4282c4d5eb9755f"
  integrity sha512-RHkBKtLWUVwd7SqRIvCZMEvAMoGUp0XU+seQiZejj0COz3RI3hWP4sCv3gZWWLjJTd7rGwcsF5eKZGii0r/hbg==
  dependencies:
    asynckit "^0.4.0"
    combined-stream "^1.0.8"
    mime-types "^2.1.12"

formdata-polyfill@^4.0.10:
  version "4.0.10"
  resolved "https://registry.yarnpkg.com/formdata-polyfill/-/formdata-polyfill-4.0.10.tgz#24807c31c9d402e002ab3d8c720144ceb8848423"
  integrity sha512-buewHzMvYL29jdeQTVILecSaZKnt/RJWjoZCF5OW60Z67/GmSLBkOFM7qh1PI3zFNtJbaZL5eQu1vLfazOwj4g==
  dependencies:
    fetch-blob "^3.1.2"

fs@^0.0.1-security:
  version "0.0.1-security"
  resolved "https://registry.yarnpkg.com/fs/-/fs-0.0.1-security.tgz#8a7bd37186b6dddf3813f23858b57ecaaf5e41d4"
  integrity sha1-invTcYa23d84E/I4WLV+yq9eQdQ=

inherits@2.0.3:
  version "2.0.3"
  resolved "https://registry.yarnpkg.com/inherits/-/inherits-2.0.3.tgz#633c2c83e3da42a502f52466022480f4208261de"
  integrity sha1-Yzwsg+PaQqUC9SRmAiSA9CCCYd4=

is-typedarray@^1.0.0:
  version "1.0.0"
  resolved "https://registry.yarnpkg.com/is-typedarray/-/is-typedarray-1.0.0.tgz#e479c80858df0c1b11ddda6940f96011fcda4a9a"
  integrity sha1-5HnICFjfDBsR3dppQPlgEfzaSpo=

json-stringify-safe@^5.0.1:
  version "5.0.1"
  resolved "https://registry.yarnpkg.com/json-stringify-safe/-/json-stringify-safe-5.0.1.tgz#1296a2d58fd45f19a0f6ce01d65701e2c735b6eb"
  integrity sha1-Epai1Y/UXxmg9s4B1lcB4sc1tus=

lodash@^4.17.21:
  version "4.17.21"
  resolved "https://registry.yarnpkg.com/lodash/-/lodash-4.17.21.tgz#679591c564c3bffaae8454cf0b3df370c3d6911c"
  integrity sha512-v2kDEe57lecTulaDIuNTPy3Ry4gLGJ6Z1O3vE1krgXZNrsQ+LFTGHVxVjcXPs17LhbZVGedAJv8XZ1tvj5FvSg==

mime-db@1.52.0:
  version "1.52.0"
  resolved "https://registry.yarnpkg.com/mime-db/-/mime-db-1.52.0.tgz#bbabcdc02859f4987301c856e3387ce5ec43bf70"
  integrity sha512-sPU4uV7dYlvtWJxwwxHD0PuihVNiE7TyAbQ5SWxDCB9mUYvOgroQOwYQQOKPJ8CIbE+1ETVlOoK1UC2nU3gYvg==

mime-types@^2.1.12:
  version "2.1.35"
  resolved "https://registry.yarnpkg.com/mime-types/-/mime-types-2.1.35.tgz#381a871b62a734450660ae3deee44813f70d959a"
  integrity sha512-ZDY+bPm5zTTF+YpCrAU9nK0UgICYPT0QtT1NZWFv4s++TNkcgVaT0g6+4R2uI4MjQjzysHB1zxuWL50hzaeXiw==
  dependencies:
    mime-db "1.52.0"

mock-socket@^9.1.5:
  version "9.1.5"
  resolved "https://registry.yarnpkg.com/mock-socket/-/mock-socket-9.1.5.tgz#2c4e44922ad556843b6dfe09d14ed8041fa2cdeb"
  integrity sha512-3DeNIcsQixWHHKk6NdoBhWI4t1VMj5/HzfnI1rE/pLl5qKx7+gd4DNA07ehTaZ6MoUU053si6Hd+YtiM/tQZfg==

ms@2.0.0:
  version "2.0.0"
  resolved "https://registry.yarnpkg.com/ms/-/ms-2.0.0.tgz#5608aeadfc00be6c2901df5f9861788de0d597c8"
  integrity sha1-VgiurfwAvmwpAd9fmGF4jeDVl8g=

ms@2.1.2:
  version "2.1.2"
  resolved "https://registry.yarnpkg.com/ms/-/ms-2.1.2.tgz#d09d1f357b443f493382a8eb3ccd183872ae6009"
  integrity sha512-sGkPx+VjMtmA6MX27oA4FBFELFCZZ4S4XqeGOXCv68tT+jb3vk/RyaKWP0PTKyWtmLSM0b+adUTEvbs1PEaH2w==

next-tick@^1.1.0:
  version "1.1.0"
  resolved "https://registry.yarnpkg.com/next-tick/-/next-tick-1.1.0.tgz#1836ee30ad56d67ef281b22bd199f709449b35eb"
  integrity sha512-CXdUiJembsNjuToQvxayPZF9Vqht7hewsvy2sOWafLvi2awflj9mOC6bHIg50orX8IJvWKY9wYQ/zB2kogPslQ==

nock@^13.2.9:
  version "13.2.9"
  resolved "https://registry.yarnpkg.com/nock/-/nock-13.2.9.tgz#4faf6c28175d36044da4cfa68e33e5a15086ad4c"
  integrity sha512-1+XfJNYF1cjGB+TKMWi29eZ0b82QOvQs2YoLNzbpWGqFMtRQHTa57osqdGj4FrFPgkO4D4AZinzUJR9VvW3QUA==
  dependencies:
    debug "^4.1.0"
    json-stringify-safe "^5.0.1"
    lodash "^4.17.21"
    propagate "^2.0.0"

node-domexception@^1.0.0:
  version "1.0.0"
  resolved "https://registry.yarnpkg.com/node-domexception/-/node-domexception-1.0.0.tgz#6888db46a1f71c0b76b3f7555016b63fe64766e5"
  integrity sha512-/jKZoMpw0F8GRwl4/eLROPA3cfcXtLApP0QzLmUT/HuPCZWyB7IY9ZrMeKw2O/nFIqPQB3PVM9aYm0F312AXDQ==

node-fetch@^3.2.10:
  version "3.2.10"
  resolved "https://registry.yarnpkg.com/node-fetch/-/node-fetch-3.2.10.tgz#e8347f94b54ae18b57c9c049ef641cef398a85c8"
  integrity sha512-MhuzNwdURnZ1Cp4XTazr69K0BTizsBroX7Zx3UgDSVcZYKF/6p0CBe4EUb/hLqmzVhl0UpYfgRljQ4yxE+iCxA==
  dependencies:
    data-uri-to-buffer "^4.0.0"
    fetch-blob "^3.1.4"
    formdata-polyfill "^4.0.10"

node-gyp-build@^4.3.0:
  version "4.3.0"
  resolved "https://registry.yarnpkg.com/node-gyp-build/-/node-gyp-build-4.3.0.tgz#9f256b03e5826150be39c764bf51e993946d71a3"
  integrity sha512-iWjXZvmboq0ja1pUGULQBexmxq8CV4xBhX7VDOTbL7ZR4FOowwY/VOtRxBN/yKxmdGoIp4j5ysNT4u3S2pDQ3Q==

pako@^2.0.4:
  version "2.0.4"
  resolved "https://registry.yarnpkg.com/pako/-/pako-2.0.4.tgz#6cebc4bbb0b6c73b0d5b8d7e8476e2b2fbea576d"
  integrity sha512-v8tweI900AUkZN6heMU/4Uy4cXRc2AYNRggVmTR+dEncawDJgCdLMximOVA2p4qO57WMynangsfGRb5WD6L1Bg==

path@^0.12.7:
  version "0.12.7"
  resolved "https://registry.yarnpkg.com/path/-/path-0.12.7.tgz#d4dc2a506c4ce2197eb481ebfcd5b36c0140b10f"
  integrity sha1-1NwqUGxM4hl+tIHr/NWzbAFAsQ8=
  dependencies:
    process "^0.11.1"
    util "^0.10.3"

process@^0.11.1:
  version "0.11.10"
  resolved "https://registry.yarnpkg.com/process/-/process-0.11.10.tgz#7332300e840161bda3e69a1d1d91a7d4bc16f182"
  integrity sha1-czIwDoQBYb2j5podHZGn1LwW8YI=

propagate@^2.0.0:
  version "2.0.1"
  resolved "https://registry.yarnpkg.com/propagate/-/propagate-2.0.1.tgz#40cdedab18085c792334e64f0ac17256d38f9a45"
  integrity sha512-vGrhOavPSTz4QVNuBNdcNXePNdNMaO1xj9yBeH1ScQPjk/rhg9sSlCXPhMkFuaNNW/syTvYqsnbIJxMBfRbbag==

regenerator-runtime@^0.13.4:
  version "0.13.9"
  resolved "https://registry.yarnpkg.com/regenerator-runtime/-/regenerator-runtime-0.13.9.tgz#8925742a98ffd90814988d7566ad30ca3b263b52"
  integrity sha512-p3VT+cOEgxFsRRA9X4lkI1E+k2/CtnKtU4gcxyaCUreilL/vqI6CdZ3wxVUx3UOUg+gnUOQQcRI7BmSI656MYA==

rxjs@^7.5.7:
  version "7.5.7"
  resolved "https://registry.yarnpkg.com/rxjs/-/rxjs-7.5.7.tgz#2ec0d57fdc89ece220d2e702730ae8f1e49def39"
  integrity sha512-z9MzKh/UcOqB3i20H6rtrlaE/CgjLOvheWK/9ILrbhROGTweAi1BaFsTT9FbwZi5Trr1qNRs+MXkhmR06awzQA==
  dependencies:
    tslib "^2.1.0"

tslib@^2.1.0:
  version "2.3.1"
  resolved "https://registry.yarnpkg.com/tslib/-/tslib-2.3.1.tgz#e8a335add5ceae51aa261d32a490158ef042ef01"
  integrity sha512-77EbyPPpMz+FRFRuAFlWMtmgUWGe9UOG2Z25NqCwiIjRhOf5iKGuzSe5P2w1laq+FkRy4p+PCuVkJSGkzTEKVw==

tweetnacl@1.x.x, tweetnacl@^1.0.3:
  version "1.0.3"
  resolved "https://registry.yarnpkg.com/tweetnacl/-/tweetnacl-1.0.3.tgz#ac0af71680458d8a6378d0d0d050ab1407d35596"
  integrity sha512-6rt+RN7aOi1nGMyC4Xa5DdYiukl2UWCbcJft7YhxReBGQD7OAM8Pbxw6YMo4r2diNEA8FEmu32YOn9rhaiE5yw==

type@^1.0.1:
  version "1.2.0"
  resolved "https://registry.yarnpkg.com/type/-/type-1.2.0.tgz#848dd7698dafa3e54a6c479e759c4bc3f18847a0"
  integrity sha512-+5nt5AAniqsCnu2cEQQdpzCAh33kVx8n0VoFidKpB1dVVLAN/F+bgVOqOJqOnEnrhp222clB5p3vUlD+1QAnfg==

type@^2.5.0:
  version "2.6.0"
  resolved "https://registry.yarnpkg.com/type/-/type-2.6.0.tgz#3ca6099af5981d36ca86b78442973694278a219f"
  integrity sha512-eiDBDOmkih5pMbo9OqsqPRGMljLodLcwd5XD5JbtNB0o89xZAwynY9EdCDsJU7LtcVCClu9DvM7/0Ep1hYX3EQ==

typedarray-to-buffer@^3.1.5:
  version "3.1.5"
  resolved "https://registry.yarnpkg.com/typedarray-to-buffer/-/typedarray-to-buffer-3.1.5.tgz#a97ee7a9ff42691b9f783ff1bc5112fe3fca9080"
  integrity sha512-zdu8XMNEDepKKR+XYOXAVPtWui0ly0NtohUscw+UmaHiAWT8hrV1rr//H6V+0DvJ3OQ19S979M0laLfX8rm82Q==
  dependencies:
    is-typedarray "^1.0.0"

utf-8-validate@^5.0.2:
  version "5.0.9"
  resolved "https://registry.yarnpkg.com/utf-8-validate/-/utf-8-validate-5.0.9.tgz#ba16a822fbeedff1a58918f2a6a6b36387493ea3"
  integrity sha512-Yek7dAy0v3Kl0orwMlvi7TPtiCNrdfHNd7Gcc/pLq4BLXqfAmd0J7OWMizUQnTTJsyjKn02mU7anqwfmUP4J8Q==
  dependencies:
    node-gyp-build "^4.3.0"

util@^0.10.3:
  version "0.10.4"
  resolved "https://registry.yarnpkg.com/util/-/util-0.10.4.tgz#3aa0125bfe668a4672de58857d3ace27ecb76901"
  integrity sha512-0Pm9hTQ3se5ll1XihRic3FDIku70C+iHUdT/W926rSgHV5QgXsYbKZN8MSC3tJtSkhuROzvsQjAaFENRXr+19A==
  dependencies:
    inherits "2.0.3"

web-streams-polyfill@^3.0.3:
  version "3.2.1"
  resolved "https://registry.yarnpkg.com/web-streams-polyfill/-/web-streams-polyfill-3.2.1.tgz#71c2718c52b45fd49dbeee88634b3a60ceab42a6"
  integrity sha512-e0MO3wdXWKrLbL0DgGnUV7WHVuw9OUvL4hjgnPkIeEvESk74gAITi5G606JtZPp39cd8HA9VQzCIvA49LpPN5Q==

websocket@^1.0.34:
  version "1.0.34"
  resolved "https://registry.yarnpkg.com/websocket/-/websocket-1.0.34.tgz#2bdc2602c08bf2c82253b730655c0ef7dcab3111"
  integrity sha512-PRDso2sGwF6kM75QykIesBijKSVceR6jL2G8NGYyq2XrItNC2P5/qL5XeR056GhA+Ly7JMFvJb9I312mJfmqnQ==
  dependencies:
    bufferutil "^4.0.1"
    debug "^2.2.0"
    es5-ext "^0.10.50"
    typedarray-to-buffer "^3.1.5"
    utf-8-validate "^5.0.2"
    yaeti "^0.0.6"

ws@^8.8.1:
  version "8.9.0"
  resolved "https://registry.yarnpkg.com/ws/-/ws-8.9.0.tgz#2a994bb67144be1b53fe2d23c53c028adeb7f45e"
  integrity sha512-Ja7nszREasGaYUYCI2k4lCKIRTt+y7XuqVoHR44YpI49TtryyqbqvDMn5eqfW7e6HzTukDRIsXqzVHScqRcafg==

yaeti@^0.0.6:
  version "0.0.6"
  resolved "https://registry.yarnpkg.com/yaeti/-/yaeti-0.0.6.tgz#f26f484d72684cf42bedfb76970aa1608fbf9577"
  integrity sha1-8m9ITXJoTPQr7ft2lwqhYI+/lXc=
